
Microsoft Visual Studio Solution File, Format Version 12.00
# Visual Studio Version 17
VisualStudioVersion = 17.0.31919.166
MinimumVisualStudioVersion = 10.0.40219.1
Project("{FAE04EC0-301F-11D3-BF4B-00C04F79EFBC}") = "ImmersiveDarkInjector", "ImmersiveDarkInjector\ImmersiveDarkInjector.csproj", "{2ADB14FA-D861-41F7-9AA6-745FC20A4F9E}"
EndProject
Global
	GlobalSection(SolutionConfigurationPlatforms) = preSolution
		Debug|Any CPU = Debug|Any CPU
		Release|Any CPU = Release|Any CPU
	EndGlobalSection
	GlobalSection(ProjectConfigurationPlatforms) = postSolution
		{2ADB14FA-D861-41F7-9AA6-745FC20A4F9E}.Debug|Any CPU.ActiveCfg = Debug|Any CPU
		{2ADB14FA-D861-41F7-9AA6-745FC20A4F9E}.Debug|Any CPU.Build.0 = Debug|Any CPU
		{2ADB14FA-D861-41F7-9AA6-745FC20A4F9E}.Release|Any CPU.ActiveCfg = Release|Any CPU
		{2ADB14FA-D861-41F7-9AA6-745FC20A4F9E}.Release|Any CPU.Build.0 = Release|Any CPU
	EndGlobalSection
	GlobalSection(SolutionProperties) = preSolution
		HideSolutionNode = FALSE
	EndGlobalSection
	GlobalSection(ExtensibilityGlobals) = postSolution
		SolutionGuid = {33E5AF44-153E-42FB-8A25-43D7476565AC}
	EndGlobalSection
EndGlobal
